// !$*UTF8*$!
{
	archiveVersion = 1;
	classes = {
	};
	objectVersion = 46;
	objects = {

/* Begin PBXBuildFile section */
		854F059B1647042A00B53AC8 /* UIKit.framework in Frameworks */ = {isa = PBXBuildFile; fileRef = 854F059A1647042A00B53AC8 /* UIKit.framework */; };
		854F059D1647042A00B53AC8 /* Foundation.framework in Frameworks */ = {isa = PBXBuildFile; fileRef = 854F059C1647042A00B53AC8 /* Foundation.framework */; };
		854F059F1647042A00B53AC8 /* CoreGraphics.framework in Frameworks */ = {isa = PBXBuildFile; fileRef = 854F059E1647042A00B53AC8 /* CoreGraphics.framework */; };
		854F05A51647042A00B53AC8 /* InfoPlist.strings in Resources */ = {isa = PBXBuildFile; fileRef = 854F05A31647042A00B53AC8 /* InfoPlist.strings */; };
		854F05A71647042A00B53AC8 /* main.m in Sources */ = {isa = PBXBuildFile; fileRef = 854F05A61647042A00B53AC8 /* main.m */; };
		854F05AB1647042A00B53AC8 /* NLAppDelegate.m in Sources */ = {isa = PBXBuildFile; fileRef = 854F05AA1647042A00B53AC8 /* NLAppDelegate.m */; };
		854F05B41647042A00B53AC8 /* NLMainScreenViewController.m in Sources */ = {isa = PBXBuildFile; fileRef = 854F05B31647042A00B53AC8 /* NLMainScreenViewController.m */; };
		854F05BE1647054E00B53AC8 /* QuartzCore.framework in Frameworks */ = {isa = PBXBuildFile; fileRef = 854F05BD1647054E00B53AC8 /* QuartzCore.framework */; };
		854F05C01647055500B53AC8 /* AVFoundation.framework in Frameworks */ = {isa = PBXBuildFile; fileRef = 854F05BF1647055500B53AC8 /* AVFoundation.framework */; };
		854F05C21647056900B53AC8 /* CoreVideo.framework in Frameworks */ = {isa = PBXBuildFile; fileRef = 854F05C11647056900B53AC8 /* CoreVideo.framework */; };
		854F05C61647057B00B53AC8 /* CoreMedia.framework in Frameworks */ = {isa = PBXBuildFile; fileRef = 854F05C51647057B00B53AC8 /* CoreMedia.framework */; };
		854F05C81647058300B53AC8 /* OpenGLES.framework in Frameworks */ = {isa = PBXBuildFile; fileRef = 854F05C71647058300B53AC8 /* OpenGLES.framework */; };
		854F05CA164705CE00B53AC8 /* tessdata in Resources */ = {isa = PBXBuildFile; fileRef = 854F05C9164705CE00B53AC8 /* tessdata */; };
		854F05CE1647065C00B53AC8 /* libtesseract_full.a in Frameworks */ = {isa = PBXBuildFile; fileRef = 854F05CD1647065C00B53AC8 /* libtesseract_full.a */; };
		859324271647255100E4C955 /* NLTesseractManager.mm in Sources */ = {isa = PBXBuildFile; fileRef = 859324261647255100E4C955 /* NLTesseractManager.mm */; };
		8599A99D164732C0003097B1 /* Default.png in Resources */ = {isa = PBXBuildFile; fileRef = 8599A99B164732C0003097B1 /* Default.png */; };
		8599A99E164732C0003097B1 /* Default@2x.png in Resources */ = {isa = PBXBuildFile; fileRef = 8599A99C164732C0003097B1 /* Default@2x.png */; };
		8599A9A016473377003097B1 /* Default-568h@2x.png in Resources */ = {isa = PBXBuildFile; fileRef = 8599A99F16473377003097B1 /* Default-568h@2x.png */; };
		8599A9A51647363F003097B1 /* quickImportButton.png in Resources */ = {isa = PBXBuildFile; fileRef = 8599A9A11647363E003097B1 /* quickImportButton.png */; };
		8599A9A61647363F003097B1 /* quickImportButton@2x.png in Resources */ = {isa = PBXBuildFile; fileRef = 8599A9A21647363E003097B1 /* quickImportButton@2x.png */; };
		8599A9A71647363F003097B1 /* regularImportButton.png in Resources */ = {isa = PBXBuildFile; fileRef = 8599A9A31647363F003097B1 /* regularImportButton.png */; };
		8599A9A81647363F003097B1 /* regularImportButton@2x.png in Resources */ = {isa = PBXBuildFile; fileRef = 8599A9A41647363F003097B1 /* regularImportButton@2x.png */; };
		8599A9B516473F1F003097B1 /* words.plist in Resources */ = {isa = PBXBuildFile; fileRef = 8599A9B416473F1F003097B1 /* words.plist */; };
		8599A9BB164741B6003097B1 /* NLResultsViewController.m in Sources */ = {isa = PBXBuildFile; fileRef = 8599A9BA164741B6003097B1 /* NLResultsViewController.m */; };
		85D88F8B1647480500387669 /* backArrow.png in Resources */ = {isa = PBXBuildFile; fileRef = 85D88F891647480500387669 /* backArrow.png */; };
		85D88F8C1647480500387669 /* backArrow@2x.png in Resources */ = {isa = PBXBuildFile; fileRef = 85D88F8A1647480500387669 /* backArrow@2x.png */; };
		85D88F8E164752E700387669 /* AssetsLibrary.framework in Frameworks */ = {isa = PBXBuildFile; fileRef = 85D88F8D164752E700387669 /* AssetsLibrary.framework */; };
		85E77AAD16478C6000B9AFEE /* StoreKit.framework in Frameworks */ = {isa = PBXBuildFile; fileRef = 85E77AAC16478C6000B9AFEE /* StoreKit.framework */; };
		85E77AB3164791CB00B9AFEE /* Icon-Small.png in Resources */ = {isa = PBXBuildFile; fileRef = 85E77AAE164791CB00B9AFEE /* Icon-Small.png */; };
		85E77AB4164791CB00B9AFEE /* Icon-Small@2x.png in Resources */ = {isa = PBXBuildFile; fileRef = 85E77AAF164791CB00B9AFEE /* Icon-Small@2x.png */; };
		85E77AB5164791CB00B9AFEE /* Icon.png in Resources */ = {isa = PBXBuildFile; fileRef = 85E77AB0164791CB00B9AFEE /* Icon.png */; };
		85E77AB6164791CB00B9AFEE /* Icon@2x.png in Resources */ = {isa = PBXBuildFile; fileRef = 85E77AB1164791CB00B9AFEE /* Icon@2x.png */; };
		85E77AB7164791CB00B9AFEE /* iTunesArtwork.png in Resources */ = {isa = PBXBuildFile; fileRef = 85E77AB2164791CB00B9AFEE /* iTunesArtwork.png */; };
		85EACCC916472BF900F0AA1F /* libGPUImage.a in Frameworks */ = {isa = PBXBuildFile; fileRef = 85EACCC416472BE600F0AA1F /* libGPUImage.a */; };
		85ECD5651647A8550039390F /* IAPHelper.m in Sources */ = {isa = PBXBuildFile; fileRef = 85ECD5641647A8550039390F /* IAPHelper.m */; };
		85ECD5691647A88F0039390F /* NLPurchasesManager.m in Sources */ = {isa = PBXBuildFile; fileRef = 85ECD5681647A88F0039390F /* NLPurchasesManager.m */; };
/* End PBXBuildFile section */

/* Begin PBXContainerItemProxy section */
		85EACCC316472BE600F0AA1F /* PBXContainerItemProxy */ = {
			isa = PBXContainerItemProxy;
			containerPortal = 85EACCBA16472BE500F0AA1F /* GPUImage.xcodeproj */;
			proxyType = 2;
			remoteGlobalIDString = BCF1A33414DDB1EC00852800;
			remoteInfo = GPUImage;
		};
		85EACCC516472BE600F0AA1F /* PBXContainerItemProxy */ = {
			isa = PBXContainerItemProxy;
			containerPortal = 85EACCBA16472BE500F0AA1F /* GPUImage.xcodeproj */;
			proxyType = 2;
			remoteGlobalIDString = BCF1A34414DDB1EC00852800;
			remoteInfo = GPUImageTests;
		};
		85EACCC716472BF100F0AA1F /* PBXContainerItemProxy */ = {
			isa = PBXContainerItemProxy;
			containerPortal = 85EACCBA16472BE500F0AA1F /* GPUImage.xcodeproj */;
			proxyType = 1;
			remoteGlobalIDString = BCF1A33314DDB1EC00852800;
			remoteInfo = GPUImage;
		};
/* End PBXContainerItemProxy section */

/* Begin PBXFileReference section */
		854F05961647042A00B53AC8 /* LP Cheats.app */ = {isa = PBXFileReference; explicitFileType = wrapper.application; includeInIndex = 0; path = "LP Cheats.app"; sourceTree = BUILT_PRODUCTS_DIR; };
		854F059A1647042A00B53AC8 /* UIKit.framework */ = {isa = PBXFileReference; lastKnownFileType = wrapper.framework; name = UIKit.framework; path = System/Library/Frameworks/UIKit.framework; sourceTree = SDKROOT; };
		854F059C1647042A00B53AC8 /* Foundation.framework */ = {isa = PBXFileReference; lastKnownFileType = wrapper.framework; name = Foundation.framework; path = System/Library/Frameworks/Foundation.framework; sourceTree = SDKROOT; };
		854F059E1647042A00B53AC8 /* CoreGraphics.framework */ = {isa = PBXFileReference; lastKnownFileType = wrapper.framework; name = CoreGraphics.framework; path = System/Library/Frameworks/CoreGraphics.framework; sourceTree = SDKROOT; };
		854F05A21647042A00B53AC8 /* LetterpressSolver-Info.plist */ = {isa = PBXFileReference; lastKnownFileType = text.plist.xml; path = "LetterpressSolver-Info.plist"; sourceTree = "<group>"; };
		854F05A41647042A00B53AC8 /* en */ = {isa = PBXFileReference; lastKnownFileType = text.plist.strings; name = en; path = en.lproj/InfoPlist.strings; sourceTree = "<group>"; };
		854F05A61647042A00B53AC8 /* main.m */ = {isa = PBXFileReference; lastKnownFileType = sourcecode.c.objc; path = main.m; sourceTree = "<group>"; };
		854F05A81647042A00B53AC8 /* LetterpressSolver-Prefix.pch */ = {isa = PBXFileReference; lastKnownFileType = sourcecode.c.h; path = "LetterpressSolver-Prefix.pch"; sourceTree = "<group>"; };
		854F05A91647042A00B53AC8 /* NLAppDelegate.h */ = {isa = PBXFileReference; lastKnownFileType = sourcecode.c.h; path = NLAppDelegate.h; sourceTree = "<group>"; };
		854F05AA1647042A00B53AC8 /* NLAppDelegate.m */ = {isa = PBXFileReference; lastKnownFileType = sourcecode.c.objc; path = NLAppDelegate.m; sourceTree = "<group>"; };
		854F05B21647042A00B53AC8 /* NLMainScreenViewController.h */ = {isa = PBXFileReference; lastKnownFileType = sourcecode.c.h; path = NLMainScreenViewController.h; sourceTree = "<group>"; };
		854F05B31647042A00B53AC8 /* NLMainScreenViewController.m */ = {isa = PBXFileReference; lastKnownFileType = sourcecode.c.objc; path = NLMainScreenViewController.m; sourceTree = "<group>"; };
		854F05BD1647054E00B53AC8 /* QuartzCore.framework */ = {isa = PBXFileReference; lastKnownFileType = wrapper.framework; name = QuartzCore.framework; path = System/Library/Frameworks/QuartzCore.framework; sourceTree = SDKROOT; };
		854F05BF1647055500B53AC8 /* AVFoundation.framework */ = {isa = PBXFileReference; lastKnownFileType = wrapper.framework; name = AVFoundation.framework; path = System/Library/Frameworks/AVFoundation.framework; sourceTree = SDKROOT; };
		854F05C11647056900B53AC8 /* CoreVideo.framework */ = {isa = PBXFileReference; lastKnownFileType = wrapper.framework; name = CoreVideo.framework; path = System/Library/Frameworks/CoreVideo.framework; sourceTree = SDKROOT; };
		854F05C31647056E00B53AC8 /* CoreAudio.framework */ = {isa = PBXFileReference; lastKnownFileType = wrapper.framework; name = CoreAudio.framework; path = System/Library/Frameworks/CoreAudio.framework; sourceTree = SDKROOT; };
		854F05C51647057B00B53AC8 /* CoreMedia.framework */ = {isa = PBXFileReference; lastKnownFileType = wrapper.framework; name = CoreMedia.framework; path = System/Library/Frameworks/CoreMedia.framework; sourceTree = SDKROOT; };
		854F05C71647058300B53AC8 /* OpenGLES.framework */ = {isa = PBXFileReference; lastKnownFileType = wrapper.framework; name = OpenGLES.framework; path = System/Library/Frameworks/OpenGLES.framework; sourceTree = SDKROOT; };
		854F05C9164705CE00B53AC8 /* tessdata */ = {isa = PBXFileReference; lastKnownFileType = folder; path = tessdata; sourceTree = "<group>"; };
		854F05CC1647060200B53AC8 /* baseapi.h */ = {isa = PBXFileReference; fileEncoding = 4; lastKnownFileType = sourcecode.c.h; path = baseapi.h; sourceTree = "<group>"; };
		854F05CD1647065C00B53AC8 /* libtesseract_full.a */ = {isa = PBXFileReference; lastKnownFileType = archive.ar; path = libtesseract_full.a; sourceTree = "<group>"; };
		859324251647255100E4C955 /* NLTesseractManager.h */ = {isa = PBXFileReference; fileEncoding = 4; lastKnownFileType = sourcecode.c.h; path = NLTesseractManager.h; sourceTree = "<group>"; };
		859324261647255100E4C955 /* NLTesseractManager.mm */ = {isa = PBXFileReference; fileEncoding = 4; lastKnownFileType = sourcecode.cpp.objcpp; path = NLTesseractManager.mm; sourceTree = "<group>"; };
		8599A99B164732C0003097B1 /* Default.png */ = {isa = PBXFileReference; lastKnownFileType = image.png; path = Default.png; sourceTree = "<group>"; };
		8599A99C164732C0003097B1 /* Default@2x.png */ = {isa = PBXFileReference; lastKnownFileType = image.png; path = "Default@2x.png"; sourceTree = "<group>"; };
		8599A99F16473377003097B1 /* Default-568h@2x.png */ = {isa = PBXFileReference; lastKnownFileType = image.png; path = "Default-568h@2x.png"; sourceTree = "<group>"; };
		8599A9A11647363E003097B1 /* quickImportButton.png */ = {isa = PBXFileReference; lastKnownFileType = image.png; path = quickImportButton.png; sourceTree = "<group>"; };
		8599A9A21647363E003097B1 /* quickImportButton@2x.png */ = {isa = PBXFileReference; lastKnownFileType = image.png; path = "quickImportButton@2x.png"; sourceTree = "<group>"; };
		8599A9A31647363F003097B1 /* regularImportButton.png */ = {isa = PBXFileReference; lastKnownFileType = image.png; path = regularImportButton.png; sourceTree = "<group>"; };
		8599A9A41647363F003097B1 /* regularImportButton@2x.png */ = {isa = PBXFileReference; lastKnownFileType = image.png; path = "regularImportButton@2x.png"; sourceTree = "<group>"; };
		8599A9B416473F1F003097B1 /* words.plist */ = {isa = PBXFileReference; fileEncoding = 4; lastKnownFileType = text.plist.xml; path = words.plist; sourceTree = "<group>"; };
		8599A9B9164741B5003097B1 /* NLResultsViewController.h */ = {isa = PBXFileReference; fileEncoding = 4; lastKnownFileType = sourcecode.c.h; path = NLResultsViewController.h; sourceTree = "<group>"; };
		8599A9BA164741B6003097B1 /* NLResultsViewController.m */ = {isa = PBXFileReference; fileEncoding = 4; lastKnownFileType = sourcecode.c.objc; path = NLResultsViewController.m; sourceTree = "<group>"; };
		85D88F891647480500387669 /* backArrow.png */ = {isa = PBXFileReference; lastKnownFileType = image.png; path = backArrow.png; sourceTree = "<group>"; };
		85D88F8A1647480500387669 /* backArrow@2x.png */ = {isa = PBXFileReference; lastKnownFileType = image.png; path = "backArrow@2x.png"; sourceTree = "<group>"; };
		85D88F8D164752E700387669 /* AssetsLibrary.framework */ = {isa = PBXFileReference; lastKnownFileType = wrapper.framework; name = AssetsLibrary.framework; path = System/Library/Frameworks/AssetsLibrary.framework; sourceTree = SDKROOT; };
		85E77AAC16478C6000B9AFEE /* StoreKit.framework */ = {isa = PBXFileReference; lastKnownFileType = wrapper.framework; name = StoreKit.framework; path = System/Library/Frameworks/StoreKit.framework; sourceTree = SDKROOT; };
		85E77AAE164791CB00B9AFEE /* Icon-Small.png */ = {isa = PBXFileReference; lastKnownFileType = image.png; path = "Icon-Small.png"; sourceTree = "<group>"; };
		85E77AAF164791CB00B9AFEE /* Icon-Small@2x.png */ = {isa = PBXFileReference; lastKnownFileType = image.png; path = "Icon-Small@2x.png"; sourceTree = "<group>"; };
		85E77AB0164791CB00B9AFEE /* Icon.png */ = {isa = PBXFileReference; lastKnownFileType = image.png; path = Icon.png; sourceTree = "<group>"; };
		85E77AB1164791CB00B9AFEE /* Icon@2x.png */ = {isa = PBXFileReference; lastKnownFileType = image.png; path = "Icon@2x.png"; sourceTree = "<group>"; };
		85E77AB2164791CB00B9AFEE /* iTunesArtwork.png */ = {isa = PBXFileReference; lastKnownFileType = image.png; path = iTunesArtwork.png; sourceTree = "<group>"; };
		85EACCBA16472BE500F0AA1F /* GPUImage.xcodeproj */ = {isa = PBXFileReference; lastKnownFileType = "wrapper.pb-project"; name = GPUImage.xcodeproj; path = GPUImage/framework/GPUImage.xcodeproj; sourceTree = "<group>"; };
		85ECD5631647A8550039390F /* IAPHelper.h */ = {isa = PBXFileReference; fileEncoding = 4; lastKnownFileType = sourcecode.c.h; path = IAPHelper.h; sourceTree = "<group>"; };
		85ECD5641647A8550039390F /* IAPHelper.m */ = {isa = PBXFileReference; fileEncoding = 4; lastKnownFileType = sourcecode.c.objc; path = IAPHelper.m; sourceTree = "<group>"; };
		85ECD5671647A88F0039390F /* NLPurchasesManager.h */ = {isa = PBXFileReference; fileEncoding = 4; lastKnownFileType = sourcecode.c.h; path = NLPurchasesManager.h; sourceTree = "<group>"; };
		85ECD5681647A88F0039390F /* NLPurchasesManager.m */ = {isa = PBXFileReference; fileEncoding = 4; lastKnownFileType = sourcecode.c.objc; path = NLPurchasesManager.m; sourceTree = "<group>"; };
/* End PBXFileReference section */

/* Begin PBXFrameworksBuildPhase section */
		854F05931647042A00B53AC8 /* Frameworks */ = {
			isa = PBXFrameworksBuildPhase;
			buildActionMask = 2147483647;
			files = (
				85E77AAD16478C6000B9AFEE /* StoreKit.framework in Frameworks */,
				85D88F8E164752E700387669 /* AssetsLibrary.framework in Frameworks */,
				85EACCC916472BF900F0AA1F /* libGPUImage.a in Frameworks */,
				854F05C81647058300B53AC8 /* OpenGLES.framework in Frameworks */,
				854F05C61647057B00B53AC8 /* CoreMedia.framework in Frameworks */,
				854F05C21647056900B53AC8 /* CoreVideo.framework in Frameworks */,
				854F05C01647055500B53AC8 /* AVFoundation.framework in Frameworks */,
				854F05BE1647054E00B53AC8 /* QuartzCore.framework in Frameworks */,
				854F059B1647042A00B53AC8 /* UIKit.framework in Frameworks */,
				854F059D1647042A00B53AC8 /* Foundation.framework in Frameworks */,
				854F059F1647042A00B53AC8 /* CoreGraphics.framework in Frameworks */,
				854F05CE1647065C00B53AC8 /* libtesseract_full.a in Frameworks */,
			);
			runOnlyForDeploymentPostprocessing = 0;
		};
/* End PBXFrameworksBuildPhase section */

/* Begin PBXGroup section */
		854F058B1647042A00B53AC8 = {
			isa = PBXGroup;
			children = (
				85EACCBA16472BE500F0AA1F /* GPUImage.xcodeproj */,
				85ECD5621647A8350039390F /* In App Purchases */,
				854F05CB164705F500B53AC8 /* Tesseract */,
				854F05A01647042A00B53AC8 /* LetterpressSolver */,
				8599A99A164732B4003097B1 /* Resources */,
				854F05A11647042A00B53AC8 /* Supporting Files */,
				854F05991647042A00B53AC8 /* Frameworks */,
				854F05971647042A00B53AC8 /* Products */,
			);
			sourceTree = "<group>";
		};
		854F05971647042A00B53AC8 /* Products */ = {
			isa = PBXGroup;
			children = (
				854F05961647042A00B53AC8 /* LP Cheats.app */,
			);
			name = Products;
			sourceTree = "<group>";
		};
		854F05991647042A00B53AC8 /* Frameworks */ = {
			isa = PBXGroup;
			children = (
				85E77AAC16478C6000B9AFEE /* StoreKit.framework */,
				85D88F8D164752E700387669 /* AssetsLibrary.framework */,
				854F05CD1647065C00B53AC8 /* libtesseract_full.a */,
				854F05C71647058300B53AC8 /* OpenGLES.framework */,
				854F05C51647057B00B53AC8 /* CoreMedia.framework */,
				854F05C31647056E00B53AC8 /* CoreAudio.framework */,
				854F05C11647056900B53AC8 /* CoreVideo.framework */,
				854F05BF1647055500B53AC8 /* AVFoundation.framework */,
				854F05BD1647054E00B53AC8 /* QuartzCore.framework */,
				854F059A1647042A00B53AC8 /* UIKit.framework */,
				854F059C1647042A00B53AC8 /* Foundation.framework */,
				854F059E1647042A00B53AC8 /* CoreGraphics.framework */,
			);
			name = Frameworks;
			sourceTree = "<group>";
		};
		854F05A01647042A00B53AC8 /* LetterpressSolver */ = {
			isa = PBXGroup;
			children = (
				854F05A91647042A00B53AC8 /* NLAppDelegate.h */,
				854F05AA1647042A00B53AC8 /* NLAppDelegate.m */,
				859324251647255100E4C955 /* NLTesseractManager.h */,
				859324261647255100E4C955 /* NLTesseractManager.mm */,
				854F05B21647042A00B53AC8 /* NLMainScreenViewController.h */,
				854F05B31647042A00B53AC8 /* NLMainScreenViewController.m */,
				8599A9B9164741B5003097B1 /* NLResultsViewController.h */,
				8599A9BA164741B6003097B1 /* NLResultsViewController.m */,
			);
			path = LetterpressSolver;
			sourceTree = "<group>";
		};
		854F05A11647042A00B53AC8 /* Supporting Files */ = {
			isa = PBXGroup;
			children = (
				8599A9B416473F1F003097B1 /* words.plist */,
				854F05A21647042A00B53AC8 /* LetterpressSolver-Info.plist */,
				854F05A31647042A00B53AC8 /* InfoPlist.strings */,
				854F05A61647042A00B53AC8 /* main.m */,
				854F05A81647042A00B53AC8 /* LetterpressSolver-Prefix.pch */,
			);
			name = "Supporting Files";
			path = LetterpressSolver;
			sourceTree = "<group>";
		};
		854F05CB164705F500B53AC8 /* Tesseract */ = {
			isa = PBXGroup;
			children = (
				854F05CC1647060200B53AC8 /* baseapi.h */,
				854F05C9164705CE00B53AC8 /* tessdata */,
			);
			name = Tesseract;
			sourceTree = "<group>";
		};
		8599A99A164732B4003097B1 /* Resources */ = {
			isa = PBXGroup;
			children = (
				85E77AA916477C6700B9AFEE /* Icons */,
				85D88F891647480500387669 /* backArrow.png */,
				85D88F8A1647480500387669 /* backArrow@2x.png */,
				8599A9A11647363E003097B1 /* quickImportButton.png */,
				8599A9A21647363E003097B1 /* quickImportButton@2x.png */,
				8599A9A31647363F003097B1 /* regularImportButton.png */,
				8599A9A41647363F003097B1 /* regularImportButton@2x.png */,
				8599A99B164732C0003097B1 /* Default.png */,
				8599A99C164732C0003097B1 /* Default@2x.png */,
				8599A99F16473377003097B1 /* Default-568h@2x.png */,
			);
			name = Resources;
			sourceTree = "<group>";
		};
		85E77AA916477C6700B9AFEE /* Icons */ = {
			isa = PBXGroup;
			children = (
				85E77AAE164791CB00B9AFEE /* Icon-Small.png */,
				85E77AAF164791CB00B9AFEE /* Icon-Small@2x.png */,
				85E77AB0164791CB00B9AFEE /* Icon.png */,
				85E77AB1164791CB00B9AFEE /* Icon@2x.png */,
				85E77AB2164791CB00B9AFEE /* iTunesArtwork.png */,
			);
			name = Icons;
			sourceTree = "<group>";
		};
		85EACCBB16472BE500F0AA1F /* Products */ = {
			isa = PBXGroup;
			children = (
				85EACCC416472BE600F0AA1F /* libGPUImage.a */,
				85EACCC616472BE600F0AA1F /* GPUImageTests.octest */,
			);
			name = Products;
			sourceTree = "<group>";
		};
		85ECD5621647A8350039390F /* In App Purchases */ = {
			isa = PBXGroup;
			children = (
				85ECD5631647A8550039390F /* IAPHelper.h */,
				85ECD5641647A8550039390F /* IAPHelper.m */,
				85ECD5671647A88F0039390F /* NLPurchasesManager.h */,
				85ECD5681647A88F0039390F /* NLPurchasesManager.m */,
			);
			name = "In App Purchases";
			sourceTree = "<group>";
		};
/* End PBXGroup section */

/* Begin PBXNativeTarget section */
		854F05951647042A00B53AC8 /* LetterpressSolver */ = {
			isa = PBXNativeTarget;
			buildConfigurationList = 854F05BA1647042A00B53AC8 /* Build configuration list for PBXNativeTarget "LetterpressSolver" */;
			buildPhases = (
				854F05921647042A00B53AC8 /* Sources */,
				854F05931647042A00B53AC8 /* Frameworks */,
				854F05941647042A00B53AC8 /* Resources */,
			);
			buildRules = (
			);
			dependencies = (
				85EACCC816472BF100F0AA1F /* PBXTargetDependency */,
			);
			name = LetterpressSolver;
			productName = LetterpressSolver;
			productReference = 854F05961647042A00B53AC8 /* LP Cheats.app */;
			productType = "com.apple.product-type.application";
		};
/* End PBXNativeTarget section */

/* Begin PBXProject section */
		854F058D1647042A00B53AC8 /* Project object */ = {
			isa = PBXProject;
			attributes = {
				CLASSPREFIX = NL;
				LastUpgradeCheck = 0450;
				ORGANIZATIONNAME = "Nick Lauer";
			};
			buildConfigurationList = 854F05901647042A00B53AC8 /* Build configuration list for PBXProject "LetterpressSolver" */;
			compatibilityVersion = "Xcode 3.2";
			developmentRegion = English;
			hasScannedForEncodings = 0;
			knownRegions = (
				en,
			);
			mainGroup = 854F058B1647042A00B53AC8;
			productRefGroup = 854F05971647042A00B53AC8 /* Products */;
			projectDirPath = "";
			projectReferences = (
				{
					ProductGroup = 85EACCBB16472BE500F0AA1F /* Products */;
					ProjectRef = 85EACCBA16472BE500F0AA1F /* GPUImage.xcodeproj */;
				},
			);
			projectRoot = "";
			targets = (
				854F05951647042A00B53AC8 /* LetterpressSolver */,
			);
		};
/* End PBXProject section */

/* Begin PBXReferenceProxy section */
		85EACCC416472BE600F0AA1F /* libGPUImage.a */ = {
			isa = PBXReferenceProxy;
			fileType = archive.ar;
			path = libGPUImage.a;
			remoteRef = 85EACCC316472BE600F0AA1F /* PBXContainerItemProxy */;
			sourceTree = BUILT_PRODUCTS_DIR;
		};
		85EACCC616472BE600F0AA1F /* GPUImageTests.octest */ = {
			isa = PBXReferenceProxy;
			fileType = wrapper.cfbundle;
			path = GPUImageTests.octest;
			remoteRef = 85EACCC516472BE600F0AA1F /* PBXContainerItemProxy */;
			sourceTree = BUILT_PRODUCTS_DIR;
		};
/* End PBXReferenceProxy section */

/* Begin PBXResourcesBuildPhase section */
		854F05941647042A00B53AC8 /* Resources */ = {
			isa = PBXResourcesBuildPhase;
			buildActionMask = 2147483647;
			files = (
				854F05A51647042A00B53AC8 /* InfoPlist.strings in Resources */,
				854F05CA164705CE00B53AC8 /* tessdata in Resources */,
				8599A99D164732C0003097B1 /* Default.png in Resources */,
				8599A99E164732C0003097B1 /* Default@2x.png in Resources */,
				8599A9A016473377003097B1 /* Default-568h@2x.png in Resources */,
				8599A9A51647363F003097B1 /* quickImportButton.png in Resources */,
				8599A9A61647363F003097B1 /* quickImportButton@2x.png in Resources */,
				8599A9A71647363F003097B1 /* regularImportButton.png in Resources */,
				8599A9A81647363F003097B1 /* regularImportButton@2x.png in Resources */,
				8599A9B516473F1F003097B1 /* words.plist in Resources */,
				85D88F8B1647480500387669 /* backArrow.png in Resources */,
				85D88F8C1647480500387669 /* backArrow@2x.png in Resources */,
				85E77AB3164791CB00B9AFEE /* Icon-Small.png in Resources */,
				85E77AB4164791CB00B9AFEE /* Icon-Small@2x.png in Resources */,
				85E77AB5164791CB00B9AFEE /* Icon.png in Resources */,
				85E77AB6164791CB00B9AFEE /* Icon@2x.png in Resources */,
				85E77AB7164791CB00B9AFEE /* iTunesArtwork.png in Resources */,
			);
			runOnlyForDeploymentPostprocessing = 0;
		};
/* End PBXResourcesBuildPhase section */

/* Begin PBXSourcesBuildPhase section */
		854F05921647042A00B53AC8 /* Sources */ = {
			isa = PBXSourcesBuildPhase;
			buildActionMask = 2147483647;
			files = (
				854F05A71647042A00B53AC8 /* main.m in Sources */,
				854F05AB1647042A00B53AC8 /* NLAppDelegate.m in Sources */,
				854F05B41647042A00B53AC8 /* NLMainScreenViewController.m in Sources */,
				859324271647255100E4C955 /* NLTesseractManager.mm in Sources */,
				8599A9BB164741B6003097B1 /* NLResultsViewController.m in Sources */,
				85ECD5651647A8550039390F /* IAPHelper.m in Sources */,
				85ECD5691647A88F0039390F /* NLPurchasesManager.m in Sources */,
			);
			runOnlyForDeploymentPostprocessing = 0;
		};
/* End PBXSourcesBuildPhase section */

/* Begin PBXTargetDependency section */
		85EACCC816472BF100F0AA1F /* PBXTargetDependency */ = {
			isa = PBXTargetDependency;
			name = GPUImage;
			targetProxy = 85EACCC716472BF100F0AA1F /* PBXContainerItemProxy */;
		};
/* End PBXTargetDependency section */

/* Begin PBXVariantGroup section */
		854F05A31647042A00B53AC8 /* InfoPlist.strings */ = {
			isa = PBXVariantGroup;
			children = (
				854F05A41647042A00B53AC8 /* en */,
			);
			name = InfoPlist.strings;
			sourceTree = "<group>";
		};
/* End PBXVariantGroup section */

/* Begin XCBuildConfiguration section */
		854F05B81647042A00B53AC8 /* Debug */ = {
			isa = XCBuildConfiguration;
			buildSettings = {
				ALWAYS_SEARCH_USER_PATHS = NO;
				CLANG_CXX_LANGUAGE_STANDARD = "compiler-default";
				CLANG_CXX_LIBRARY = "compiler-default";
				CLANG_ENABLE_OBJC_ARC = YES;
				CLANG_WARN_EMPTY_BODY = YES;
				CLANG_WARN__DUPLICATE_METHOD_MATCH = YES;
				"CODE_SIGN_IDENTITY[sdk=iphoneos*]" = "iPhone Developer";
				COPY_PHASE_STRIP = NO;
				GCC_C_LANGUAGE_STANDARD = c99;
				GCC_DYNAMIC_NO_PIC = NO;
				GCC_OPTIMIZATION_LEVEL = 0;
				GCC_PREPROCESSOR_DEFINITIONS = (
					"DEBUG=1",
					"$(inherited)",
				);
				GCC_SYMBOLS_PRIVATE_EXTERN = NO;
				GCC_WARN_ABOUT_RETURN_TYPE = YES;
				GCC_WARN_UNINITIALIZED_AUTOS = YES;
				GCC_WARN_UNUSED_VARIABLE = YES;
				IPHONEOS_DEPLOYMENT_TARGET = 5.0;
				PRODUCT_NAME = "Letterpress Solver";
				SDKROOT = iphoneos;
			};
			name = Debug;
		};
		854F05B91647042A00B53AC8 /* Release */ = {
			isa = XCBuildConfiguration;
			buildSettings = {
				ALWAYS_SEARCH_USER_PATHS = NO;
				CLANG_CXX_LANGUAGE_STANDARD = "compiler-default";
				CLANG_CXX_LIBRARY = "compiler-default";
				CLANG_ENABLE_OBJC_ARC = YES;
				CLANG_WARN_EMPTY_BODY = YES;
				CLANG_WARN__DUPLICATE_METHOD_MATCH = YES;
				"CODE_SIGN_IDENTITY[sdk=iphoneos*]" = "iPhone Developer";
				COPY_PHASE_STRIP = YES;
				GCC_C_LANGUAGE_STANDARD = c99;
				GCC_WARN_ABOUT_RETURN_TYPE = YES;
				GCC_WARN_UNINITIALIZED_AUTOS = YES;
				GCC_WARN_UNUSED_VARIABLE = YES;
				IPHONEOS_DEPLOYMENT_TARGET = 5.0;
				OTHER_CFLAGS = "-DNS_BLOCK_ASSERTIONS=1";
				PRODUCT_NAME = "Letterpress Solver";
				SDKROOT = iphoneos;
				VALIDATE_PRODUCT = YES;
			};
			name = Release;
		};
		854F05BB1647042A00B53AC8 /* Debug */ = {
			isa = XCBuildConfiguration;
			buildSettings = {
				CODE_SIGN_IDENTITY = "iPhone Developer: Nick Lauer (84Z834HLVS)";
				"CODE_SIGN_IDENTITY[sdk=iphoneos*]" = "iPhone Developer: Nick Lauer (84Z834HLVS)";
				GCC_PRECOMPILE_PREFIX_HEADER = YES;
				GCC_PREFIX_HEADER = "LetterpressSolver/LetterpressSolver-Prefix.pch";
				HEADER_SEARCH_PATHS = "GPUImage/framework/Source/**";
				INFOPLIST_FILE = "LetterpressSolver/LetterpressSolver-Info.plist";
				IPHONEOS_DEPLOYMENT_TARGET = 5.0;
				LIBRARY_SEARCH_PATHS = (
					"$(inherited)",
					"\"$(SRCROOT)\"",
				);
				PRODUCT_NAME = "LP Cheats";
				PROVISIONING_PROFILE = "C4C293DB-72FA-4146-AAC0-7D532AD0E517";
				"PROVISIONING_PROFILE[sdk=iphoneos*]" = "C4C293DB-72FA-4146-AAC0-7D532AD0E517";
				WRAPPER_EXTENSION = app;
			};
			name = Debug;
		};
		854F05BC1647042A00B53AC8 /* Release */ = {
			isa = XCBuildConfiguration;
			buildSettings = {
				CODE_SIGN_IDENTITY = "iPhone Distribution: Nicholas Lauer";
				"CODE_SIGN_IDENTITY[sdk=iphoneos*]" = "iPhone Distribution: Nicholas Lauer";
				GCC_PRECOMPILE_PREFIX_HEADER = YES;
				GCC_PREFIX_HEADER = "LetterpressSolver/LetterpressSolver-Prefix.pch";
				HEADER_SEARCH_PATHS = "GPUImage/framework/Source/**";
				INFOPLIST_FILE = "LetterpressSolver/LetterpressSolver-Info.plist";
				IPHONEOS_DEPLOYMENT_TARGET = 5.0;
				LIBRARY_SEARCH_PATHS = (
					"$(inherited)",
					"\"$(SRCROOT)\"",
				);
				PRODUCT_NAME = "LP Cheats";
				PROVISIONING_PROFILE = "A4080310-9EE9-4753-B912-2EF0332B9CAC";
				"PROVISIONING_PROFILE[sdk=iphoneos*]" = "A4080310-9EE9-4753-B912-2EF0332B9CAC";
				WRAPPER_EXTENSION = app;
			};
			name = Release;
		};
/* End XCBuildConfiguration section */

/* Begin XCConfigurationList section */
		854F05901647042A00B53AC8 /* Build configuration list for PBXProject "LetterpressSolver" */ = {
			isa = XCConfigurationList;
			buildConfigurations = (
				854F05B81647042A00B53AC8 /* Debug */,
				854F05B91647042A00B53AC8 /* Release */,
			);
			defaultConfigurationIsVisible = 0;
			defaultConfigurationName = Release;
		};
		854F05BA1647042A00B53AC8 /* Build configuration list for PBXNativeTarget "LetterpressSolver" */ = {
			isa = XCConfigurationList;
			buildConfigurations = (
				854F05BB1647042A00B53AC8 /* Debug */,
				854F05BC1647042A00B53AC8 /* Release */,
			);
			defaultConfigurationIsVisible = 0;
			defaultConfigurationName = Release;
		};
/* End XCConfigurationList section */
	};
	rootObject = 854F058D1647042A00B53AC8 /* Project object */;
}
